// !$*UTF8*$!
{
	archiveVersion = 1;
	classes = {
	};
	objectVersion = 56;
	objects = {

/* Begin PBXBuildFile section */
		CE0298BB2BBEE56A0095992C /* PokemonList.swift in Sources */ = {isa = PBXBuildFile; fileRef = CE0298BA2BBEE56A0095992C /* PokemonList.swift */; };
		CE0298BF2BBEE6010095992C /* Pokemon.swift in Sources */ = {isa = PBXBuildFile; fileRef = CE0298BE2BBEE6000095992C /* Pokemon.swift */; };
		CEF4CF602BBDA4F70076F4CD /* PokemonCatalogApp.swift in Sources */ = {isa = PBXBuildFile; fileRef = CEF4CF5F2BBDA4F70076F4CD /* PokemonCatalogApp.swift */; };
		CEF4CF622BBDA4F70076F4CD /* MainView.swift in Sources */ = {isa = PBXBuildFile; fileRef = CEF4CF612BBDA4F70076F4CD /* MainView.swift */; };
		CEF4CF642BBDA5000076F4CD /* Assets.xcassets in Resources */ = {isa = PBXBuildFile; fileRef = CEF4CF632BBDA5000076F4CD /* Assets.xcassets */; };
		CEF4CF682BBDA5000076F4CD /* Preview Assets.xcassets in Resources */ = {isa = PBXBuildFile; fileRef = CEF4CF672BBDA5000076F4CD /* Preview Assets.xcassets */; };
		CEF4CF772BBDD11F0076F4CD /* Constants.swift in Sources */ = {isa = PBXBuildFile; fileRef = CEF4CF762BBDD11F0076F4CD /* Constants.swift */; };
/* End PBXBuildFile section */

/* Begin PBXFileReference section */
		CE0298BA2BBEE56A0095992C /* PokemonList.swift */ = {isa = PBXFileReference; fileEncoding = 4; lastKnownFileType = sourcecode.swift; name = PokemonList.swift; path = PokemonCatalog/App/Main/Model/PokemonList.swift; sourceTree = SOURCE_ROOT; };
		CE0298BE2BBEE6000095992C /* Pokemon.swift */ = {isa = PBXFileReference; fileEncoding = 4; lastKnownFileType = sourcecode.swift; path = Pokemon.swift; sourceTree = "<group>"; };
		CEF4CF5C2BBDA4F70076F4CD /* PokemonCatalog.app */ = {isa = PBXFileReference; explicitFileType = wrapper.application; includeInIndex = 0; path = PokemonCatalog.app; sourceTree = BUILT_PRODUCTS_DIR; };
		CEF4CF5F2BBDA4F70076F4CD /* PokemonCatalogApp.swift */ = {isa = PBXFileReference; lastKnownFileType = sourcecode.swift; path = PokemonCatalogApp.swift; sourceTree = "<group>"; };
		CEF4CF612BBDA4F70076F4CD /* MainView.swift */ = {isa = PBXFileReference; lastKnownFileType = sourcecode.swift; path = MainView.swift; sourceTree = "<group>"; };
		CEF4CF632BBDA5000076F4CD /* Assets.xcassets */ = {isa = PBXFileReference; lastKnownFileType = folder.assetcatalog; path = Assets.xcassets; sourceTree = "<group>"; };
		CEF4CF672BBDA5000076F4CD /* Preview Assets.xcassets */ = {isa = PBXFileReference; lastKnownFileType = folder.assetcatalog; path = "Preview Assets.xcassets"; sourceTree = "<group>"; };
		CEF4CF762BBDD11F0076F4CD /* Constants.swift */ = {isa = PBXFileReference; lastKnownFileType = sourcecode.swift; path = Constants.swift; sourceTree = "<group>"; };
		CEF4CF7A2BBDF4CE0076F4CD /* PokemonCatalog.entitlements */ = {isa = PBXFileReference; fileEncoding = 4; lastKnownFileType = text.plist.entitlements; path = PokemonCatalog.entitlements; sourceTree = "<group>"; };
/* End PBXFileReference section */

/* Begin PBXFrameworksBuildPhase section */
		CEF4CF592BBDA4F70076F4CD /* Frameworks */ = {
			isa = PBXFrameworksBuildPhase;
			buildActionMask = 2147483647;
			files = (
			);
			runOnlyForDeploymentPostprocessing = 0;
		};
/* End PBXFrameworksBuildPhase section */

/* Begin PBXGroup section */
		CEF4CF532BBDA4F70076F4CD = {
			isa = PBXGroup;
			children = (
				CEF4CF5E2BBDA4F70076F4CD /* PokemonCatalog */,
				CEF4CF5D2BBDA4F70076F4CD /* Products */,
			);
			sourceTree = "<group>";
		};
		CEF4CF5D2BBDA4F70076F4CD /* Products */ = {
			isa = PBXGroup;
			children = (
				CEF4CF5C2BBDA4F70076F4CD /* PokemonCatalog.app */,
			);
			name = Products;
			sourceTree = "<group>";
		};
		CEF4CF5E2BBDA4F70076F4CD /* PokemonCatalog */ = {
			isa = PBXGroup;
			children = (
				CEF4CF6E2BBDA50A0076F4CD /* App */,
				CEF4CF7A2BBDF4CE0076F4CD /* PokemonCatalog.entitlements */,
				CEF4CF662BBDA5000076F4CD /* Preview Content */,
			);
			path = PokemonCatalog;
			sourceTree = "<group>";
		};
		CEF4CF662BBDA5000076F4CD /* Preview Content */ = {
			isa = PBXGroup;
			children = (
				CEF4CF672BBDA5000076F4CD /* Preview Assets.xcassets */,
			);
			path = "Preview Content";
			sourceTree = "<group>";
		};
		CEF4CF6E2BBDA50A0076F4CD /* App */ = {
			isa = PBXGroup;
			children = (
				CEF4CF5F2BBDA4F70076F4CD /* PokemonCatalogApp.swift */,
				CEF4CF6F2BBDA50F0076F4CD /* Main */,
				CEF4CF702BBDA53F0076F4CD /* Utils */,
			);
			path = App;
			sourceTree = "<group>";
		};
		CEF4CF6F2BBDA50F0076F4CD /* Main */ = {
			isa = PBXGroup;
			children = (
				CEF4CF612BBDA4F70076F4CD /* MainView.swift */,
				CEF4CF732BBDCF9A0076F4CD /* Views */,
				CEF4CF712BBDCF690076F4CD /* Model */,
				CEF4CF722BBDCF860076F4CD /* Managers */,
			);
			path = Main;
			sourceTree = "<group>";
		};
		CEF4CF702BBDA53F0076F4CD /* Utils */ = {
			isa = PBXGroup;
			children = (
				CEF4CF762BBDD11F0076F4CD /* Constants.swift */,
				CEF4CF632BBDA5000076F4CD /* Assets.xcassets */,
			);
			path = Utils;
			sourceTree = "<group>";
		};
		CEF4CF712BBDCF690076F4CD /* Model */ = {
			isa = PBXGroup;
			children = (
				CE0298BA2BBEE56A0095992C /* PokemonList.swift */,
				CE0298BE2BBEE6000095992C /* Pokemon.swift */,
			);
			path = Model;
			sourceTree = "<group>";
		};
		CEF4CF722BBDCF860076F4CD /* Managers */ = {
			isa = PBXGroup;
			children = (
			);
			path = Managers;
			sourceTree = "<group>";
		};
		CEF4CF732BBDCF9A0076F4CD /* Views */ = {
			isa = PBXGroup;
			children = (
				CEF4CF7B2BBED86D0076F4CD /* ViewModels */,
			);
			path = Views;
			sourceTree = "<group>";
		};
		CEF4CF7B2BBED86D0076F4CD /* ViewModels */ = {
			isa = PBXGroup;
			children = (
			);
			path = ViewModels;
			sourceTree = "<group>";
		};
/* End PBXGroup section */

/* Begin PBXNativeTarget section */
		CEF4CF5B2BBDA4F70076F4CD /* PokemonCatalog */ = {
			isa = PBXNativeTarget;
			buildConfigurationList = CEF4CF6B2BBDA5000076F4CD /* Build configuration list for PBXNativeTarget "PokemonCatalog" */;
			buildPhases = (
				CEF4CF582BBDA4F70076F4CD /* Sources */,
				CEF4CF592BBDA4F70076F4CD /* Frameworks */,
				CEF4CF5A2BBDA4F70076F4CD /* Resources */,
			);
			buildRules = (
			);
			dependencies = (
			);
			name = PokemonCatalog;
			productName = PokemonCatalog;
			productReference = CEF4CF5C2BBDA4F70076F4CD /* PokemonCatalog.app */;
			productType = "com.apple.product-type.application";
		};
/* End PBXNativeTarget section */

/* Begin PBXProject section */
		CEF4CF542BBDA4F70076F4CD /* Project object */ = {
			isa = PBXProject;
			attributes = {
				BuildIndependentTargetsInParallel = 1;
				LastSwiftUpdateCheck = 1520;
				LastUpgradeCheck = 1520;
				TargetAttributes = {
					CEF4CF5B2BBDA4F70076F4CD = {
						CreatedOnToolsVersion = 15.2;
					};
				};
			};
			buildConfigurationList = CEF4CF572BBDA4F70076F4CD /* Build configuration list for PBXProject "PokemonCatalog" */;
			compatibilityVersion = "Xcode 14.0";
			developmentRegion = en;
			hasScannedForEncodings = 0;
			knownRegions = (
				en,
				Base,
			);
			mainGroup = CEF4CF532BBDA4F70076F4CD;
			productRefGroup = CEF4CF5D2BBDA4F70076F4CD /* Products */;
			projectDirPath = "";
			projectRoot = "";
			targets = (
				CEF4CF5B2BBDA4F70076F4CD /* PokemonCatalog */,
			);
		};
/* End PBXProject section */

/* Begin PBXResourcesBuildPhase section */
		CEF4CF5A2BBDA4F70076F4CD /* Resources */ = {
			isa = PBXResourcesBuildPhase;
			buildActionMask = 2147483647;
			files = (
				CEF4CF682BBDA5000076F4CD /* Preview Assets.xcassets in Resources */,
				CEF4CF642BBDA5000076F4CD /* Assets.xcassets in Resources */,
			);
			runOnlyForDeploymentPostprocessing = 0;
		};
/* End PBXResourcesBuildPhase section */

/* Begin PBXSourcesBuildPhase section */
		CEF4CF582BBDA4F70076F4CD /* Sources */ = {
			isa = PBXSourcesBuildPhase;
			buildActionMask = 2147483647;
			files = (
				CEF4CF622BBDA4F70076F4CD /* MainView.swift in Sources */,
				CE0298BB2BBEE56A0095992C /* PokemonList.swift in Sources */,
				CEF4CF602BBDA4F70076F4CD /* PokemonCatalogApp.swift in Sources */,
				CE0298BF2BBEE6010095992C /* Pokemon.swift in Sources */,
				CEF4CF772BBDD11F0076F4CD /* Constants.swift in Sources */,
			);
			runOnlyForDeploymentPostprocessing = 0;
		};
/* End PBXSourcesBuildPhase section */

/* Begin XCBuildConfiguration section */
		CEF4CF692BBDA5000076F4CD /* Debug */ = {
			isa = XCBuildConfiguration;
			buildSettings = {
				ALWAYS_SEARCH_USER_PATHS = NO;
				ASSETCATALOG_COMPILER_GENERATE_SWIFT_ASSET_SYMBOL_EXTENSIONS = YES;
				CLANG_ANALYZER_NONNULL = YES;
				CLANG_ANALYZER_NUMBER_OBJECT_CONVERSION = YES_AGGRESSIVE;
				CLANG_CXX_LANGUAGE_STANDARD = "gnu++20";
				CLANG_ENABLE_MODULES = YES;
				CLANG_ENABLE_OBJC_ARC = YES;
				CLANG_ENABLE_OBJC_WEAK = YES;
				CLANG_WARN_BLOCK_CAPTURE_AUTORELEASING = YES;
				CLANG_WARN_BOOL_CONVERSION = YES;
				CLANG_WARN_COMMA = YES;
				CLANG_WARN_CONSTANT_CONVERSION = YES;
				CLANG_WARN_DEPRECATED_OBJC_IMPLEMENTATIONS = YES;
				CLANG_WARN_DIRECT_OBJC_ISA_USAGE = YES_ERROR;
				CLANG_WARN_DOCUMENTATION_COMMENTS = YES;
				CLANG_WARN_EMPTY_BODY = YES;
				CLANG_WARN_ENUM_CONVERSION = YES;
				CLANG_WARN_INFINITE_RECURSION = YES;
				CLANG_WARN_INT_CONVERSION = YES;
				CLANG_WARN_NON_LITERAL_NULL_CONVERSION = YES;
				CLANG_WARN_OBJC_IMPLICIT_RETAIN_SELF = YES;
				CLANG_WARN_OBJC_LITERAL_CONVERSION = YES;
				CLANG_WARN_OBJC_ROOT_CLASS = YES_ERROR;
				CLANG_WARN_QUOTED_INCLUDE_IN_FRAMEWORK_HEADER = YES;
				CLANG_WARN_RANGE_LOOP_ANALYSIS = YES;
				CLANG_WARN_STRICT_PROTOTYPES = YES;
				CLANG_WARN_SUSPICIOUS_MOVE = YES;
				CLANG_WARN_UNGUARDED_AVAILABILITY = YES_AGGRESSIVE;
				CLANG_WARN_UNREACHABLE_CODE = YES;
				CLANG_WARN__DUPLICATE_METHOD_MATCH = YES;
				COPY_PHASE_STRIP = NO;
				DEBUG_INFORMATION_FORMAT = dwarf;
				ENABLE_STRICT_OBJC_MSGSEND = YES;
				ENABLE_TESTABILITY = YES;
				ENABLE_USER_SCRIPT_SANDBOXING = YES;
				GCC_C_LANGUAGE_STANDARD = gnu17;
				GCC_DYNAMIC_NO_PIC = NO;
				GCC_NO_COMMON_BLOCKS = YES;
				GCC_OPTIMIZATION_LEVEL = 0;
				GCC_PREPROCESSOR_DEFINITIONS = (
					"DEBUG=1",
					"$(inherited)",
				);
				GCC_WARN_64_TO_32_BIT_CONVERSION = YES;
				GCC_WARN_ABOUT_RETURN_TYPE = YES_ERROR;
				GCC_WARN_UNDECLARED_SELECTOR = YES;
				GCC_WARN_UNINITIALIZED_AUTOS = YES_AGGRESSIVE;
				GCC_WARN_UNUSED_FUNCTION = YES;
				GCC_WARN_UNUSED_VARIABLE = YES;
				IPHONEOS_DEPLOYMENT_TARGET = 17.0;
				LOCALIZATION_PREFERS_STRING_CATALOGS = YES;
				MTL_ENABLE_DEBUG_INFO = INCLUDE_SOURCE;
				MTL_FAST_MATH = YES;
				ONLY_ACTIVE_ARCH = YES;
				SWIFT_ACTIVE_COMPILATION_CONDITIONS = "DEBUG $(inherited)";
				SWIFT_OPTIMIZATION_LEVEL = "-Onone";
			};
			name = Debug;
		};
		CEF4CF6A2BBDA5000076F4CD /* Release */ = {
			isa = XCBuildConfiguration;
			buildSettings = {
				ALWAYS_SEARCH_USER_PATHS = NO;
				ASSETCATALOG_COMPILER_GENERATE_SWIFT_ASSET_SYMBOL_EXTENSIONS = YES;
				CLANG_ANALYZER_NONNULL = YES;
				CLANG_ANALYZER_NUMBER_OBJECT_CONVERSION = YES_AGGRESSIVE;
				CLANG_CXX_LANGUAGE_STANDARD = "gnu++20";
				CLANG_ENABLE_MODULES = YES;
				CLANG_ENABLE_OBJC_ARC = YES;
				CLANG_ENABLE_OBJC_WEAK = YES;
				CLANG_WARN_BLOCK_CAPTURE_AUTORELEASING = YES;
				CLANG_WARN_BOOL_CONVERSION = YES;
				CLANG_WARN_COMMA = YES;
				CLANG_WARN_CONSTANT_CONVERSION = YES;
				CLANG_WARN_DEPRECATED_OBJC_IMPLEMENTATIONS = YES;
				CLANG_WARN_DIRECT_OBJC_ISA_USAGE = YES_ERROR;
				CLANG_WARN_DOCUMENTATION_COMMENTS = YES;
				CLANG_WARN_EMPTY_BODY = YES;
				CLANG_WARN_ENUM_CONVERSION = YES;
				CLANG_WARN_INFINITE_RECURSION = YES;
				CLANG_WARN_INT_CONVERSION = YES;
				CLANG_WARN_NON_LITERAL_NULL_CONVERSION = YES;
				CLANG_WARN_OBJC_IMPLICIT_RETAIN_SELF = YES;
				CLANG_WARN_OBJC_LITERAL_CONVERSION = YES;
				CLANG_WARN_OBJC_ROOT_CLASS = YES_ERROR;
				CLANG_WARN_QUOTED_INCLUDE_IN_FRAMEWORK_HEADER = YES;
				CLANG_WARN_RANGE_LOOP_ANALYSIS = YES;
				CLANG_WARN_STRICT_PROTOTYPES = YES;
				CLANG_WARN_SUSPICIOUS_MOVE = YES;
				CLANG_WARN_UNGUARDED_AVAILABILITY = YES_AGGRESSIVE;
				CLANG_WARN_UNREACHABLE_CODE = YES;
				CLANG_WARN__DUPLICATE_METHOD_MATCH = YES;
				COPY_PHASE_STRIP = NO;
				DEBUG_INFORMATION_FORMAT = "dwarf-with-dsym";
				ENABLE_NS_ASSERTIONS = NO;
				ENABLE_STRICT_OBJC_MSGSEND = YES;
				ENABLE_USER_SCRIPT_SANDBOXING = YES;
				GCC_C_LANGUAGE_STANDARD = gnu17;
				GCC_NO_COMMON_BLOCKS = YES;
				GCC_WARN_64_TO_32_BIT_CONVERSION = YES;
				GCC_WARN_ABOUT_RETURN_TYPE = YES_ERROR;
				GCC_WARN_UNDECLARED_SELECTOR = YES;
				GCC_WARN_UNINITIALIZED_AUTOS = YES_AGGRESSIVE;
				GCC_WARN_UNUSED_FUNCTION = YES;
				GCC_WARN_UNUSED_VARIABLE = YES;
				IPHONEOS_DEPLOYMENT_TARGET = 17.0;
				LOCALIZATION_PREFERS_STRING_CATALOGS = YES;
				MTL_ENABLE_DEBUG_INFO = NO;
				MTL_FAST_MATH = YES;
				SWIFT_COMPILATION_MODE = wholemodule;
			};
			name = Release;
		};
		CEF4CF6C2BBDA5000076F4CD /* Debug */ = {
			isa = XCBuildConfiguration;
			buildSettings = {
				ASSETCATALOG_COMPILER_APPICON_NAME = AppIcon;
				ASSETCATALOG_COMPILER_GLOBAL_ACCENT_COLOR_NAME = AccentColor;
				CODE_SIGN_ENTITLEMENTS = PokemonCatalog/PokemonCatalog.entitlements;
				CODE_SIGN_IDENTITY = "Apple Development";
				CODE_SIGN_STYLE = Automatic;
				CURRENT_PROJECT_VERSION = 1;
				DEVELOPMENT_ASSET_PATHS = "\"PokemonCatalog/Preview Content\"";
				DEVELOPMENT_TEAM = 2499Y3EK3Q;
				ENABLE_HARDENED_RUNTIME = YES;
				ENABLE_PREVIEWS = YES;
				GENERATE_INFOPLIST_FILE = YES;
				"INFOPLIST_KEY_UIApplicationSceneManifest_Generation[sdk=iphoneos*]" = YES;
				"INFOPLIST_KEY_UIApplicationSceneManifest_Generation[sdk=iphonesimulator*]" = YES;
				"INFOPLIST_KEY_UIApplicationSupportsIndirectInputEvents[sdk=iphoneos*]" = YES;
				"INFOPLIST_KEY_UIApplicationSupportsIndirectInputEvents[sdk=iphonesimulator*]" = YES;
				"INFOPLIST_KEY_UILaunchScreen_Generation[sdk=iphoneos*]" = YES;
				"INFOPLIST_KEY_UILaunchScreen_Generation[sdk=iphonesimulator*]" = YES;
				"INFOPLIST_KEY_UIStatusBarStyle[sdk=iphoneos*]" = UIStatusBarStyleDefault;
				"INFOPLIST_KEY_UIStatusBarStyle[sdk=iphonesimulator*]" = UIStatusBarStyleDefault;
				INFOPLIST_KEY_UISupportedInterfaceOrientations_iPad = "UIInterfaceOrientationPortrait UIInterfaceOrientationPortraitUpsideDown UIInterfaceOrientationLandscapeLeft UIInterfaceOrientationLandscapeRight";
				INFOPLIST_KEY_UISupportedInterfaceOrientations_iPhone = "UIInterfaceOrientationPortrait UIInterfaceOrientationLandscapeLeft UIInterfaceOrientationLandscapeRight";
				IPHONEOS_DEPLOYMENT_TARGET = 17.0;
				LD_RUNPATH_SEARCH_PATHS = "@executable_path/Frameworks";
				"LD_RUNPATH_SEARCH_PATHS[sdk=macosx*]" = "@executable_path/../Frameworks";
				MACOSX_DEPLOYMENT_TARGET = 13.6;
				MARKETING_VERSION = 1.0;
				PRODUCT_BUNDLE_IDENTIFIER = naore.PokemonCatalog;
				PRODUCT_NAME = "$(TARGET_NAME)";
				PROVISIONING_PROFILE_SPECIFIER = "";
				SDKROOT = auto;
				SUPPORTED_PLATFORMS = "iphonesimulator iphoneos";
				SWIFT_EMIT_LOC_STRINGS = YES;
				SWIFT_VERSION = 5.0;
				TARGETED_DEVICE_FAMILY = "1,2";
			};
			name = Debug;
		};
		CEF4CF6D2BBDA5000076F4CD /* Release */ = {
			isa = XCBuildConfiguration;
			buildSettings = {
				ASSETCATALOG_COMPILER_APPICON_NAME = AppIcon;
				ASSETCATALOG_COMPILER_GLOBAL_ACCENT_COLOR_NAME = AccentColor;
				CODE_SIGN_ENTITLEMENTS = PokemonCatalog/PokemonCatalog.entitlements;
				CODE_SIGN_IDENTITY = "Apple Development";
				CODE_SIGN_STYLE = Automatic;
				CURRENT_PROJECT_VERSION = 1;
				DEVELOPMENT_ASSET_PATHS = "\"PokemonCatalog/Preview Content\"";
				DEVELOPMENT_TEAM = 2499Y3EK3Q;
				ENABLE_HARDENED_RUNTIME = YES;
				ENABLE_PREVIEWS = YES;
				GENERATE_INFOPLIST_FILE = YES;
				"INFOPLIST_KEY_UIApplicationSceneManifest_Generation[sdk=iphoneos*]" = YES;
				"INFOPLIST_KEY_UIApplicationSceneManifest_Generation[sdk=iphonesimulator*]" = YES;
				"INFOPLIST_KEY_UIApplicationSupportsIndirectInputEvents[sdk=iphoneos*]" = YES;
				"INFOPLIST_KEY_UIApplicationSupportsIndirectInputEvents[sdk=iphonesimulator*]" = YES;
				"INFOPLIST_KEY_UILaunchScreen_Generation[sdk=iphoneos*]" = YES;
				"INFOPLIST_KEY_UILaunchScreen_Generation[sdk=iphonesimulator*]" = YES;
				"INFOPLIST_KEY_UIStatusBarStyle[sdk=iphoneos*]" = UIStatusBarStyleDefault;
				"INFOPLIST_KEY_UIStatusBarStyle[sdk=iphonesimulator*]" = UIStatusBarStyleDefault;
				INFOPLIST_KEY_UISupportedInterfaceOrientations_iPad = "UIInterfaceOrientationPortrait UIInterfaceOrientationPortraitUpsideDown UIInterfaceOrientationLandscapeLeft UIInterfaceOrientationLandscapeRight";
				INFOPLIST_KEY_UISupportedInterfaceOrientations_iPhone = "UIInterfaceOrientationPortrait UIInterfaceOrientationLandscapeLeft UIInterfaceOrientationLandscapeRight";
				IPHONEOS_DEPLOYMENT_TARGET = 17.0;
				LD_RUNPATH_SEARCH_PATHS = "@executable_path/Frameworks";
				"LD_RUNPATH_SEARCH_PATHS[sdk=macosx*]" = "@executable_path/../Frameworks";
				MACOSX_DEPLOYMENT_TARGET = 13.6;
				MARKETING_VERSION = 1.0;
				PRODUCT_BUNDLE_IDENTIFIER = naore.PokemonCatalog;
				PRODUCT_NAME = "$(TARGET_NAME)";
				PROVISIONING_PROFILE_SPECIFIER = "";
				SDKROOT = auto;
				SUPPORTED_PLATFORMS = "iphonesimulator iphoneos";
				SWIFT_EMIT_LOC_STRINGS = YES;
				SWIFT_VERSION = 5.0;
				TARGETED_DEVICE_FAMILY = "1,2";
			};
			name = Release;
		};
/* End XCBuildConfiguration section */

/* Begin XCConfigurationList section */
		CEF4CF572BBDA4F70076F4CD /* Build configuration list for PBXProject "PokemonCatalog" */ = {
			isa = XCConfigurationList;
			buildConfigurations = (
				CEF4CF692BBDA5000076F4CD /* Debug */,
				CEF4CF6A2BBDA5000076F4CD /* Release */,
			);
			defaultConfigurationIsVisible = 0;
			defaultConfigurationName = Release;
		};
		CEF4CF6B2BBDA5000076F4CD /* Build configuration list for PBXNativeTarget "PokemonCatalog" */ = {
			isa = XCConfigurationList;
			buildConfigurations = (
				CEF4CF6C2BBDA5000076F4CD /* Debug */,
				CEF4CF6D2BBDA5000076F4CD /* Release */,
			);
			defaultConfigurationIsVisible = 0;
			defaultConfigurationName = Release;
		};
/* End XCConfigurationList section */
	};
	rootObject = CEF4CF542BBDA4F70076F4CD /* Project object */;
}
